
Microsoft Visual Studio Solution File, Format Version 12.00
# Visual Studio Version 16
VisualStudioVersion = 16.0.30204.135
MinimumVisualStudioVersion = 10.0.40219.1
Project("{FAE04EC0-301F-11D3-BF4B-00C04F79EFBC}") = "BS Notatnik", "BS Notatnik.csproj", "{85DD2093-9FD2-4327-A044-392B1249CBC5}"
EndProject
Global
	GlobalSection(SolutionConfigurationPlatforms) = preSolution
		Debug|Any CPU = Debug|Any CPU
		Release|Any CPU = Release|Any CPU
	EndGlobalSection
	GlobalSection(ProjectConfigurationPlatforms) = postSolution
		{85DD2093-9FD2-4327-A044-392B1249CBC5}.Debug|Any CPU.ActiveCfg = Debug|Any CPU
		{85DD2093-9FD2-4327-A044-392B1249CBC5}.Debug|Any CPU.Build.0 = Debug|Any CPU
		{85DD2093-9FD2-4327-A044-392B1249CBC5}.Release|Any CPU.ActiveCfg = Release|Any CPU
		{85DD2093-9FD2-4327-A044-392B1249CBC5}.Release|Any CPU.Build.0 = Release|Any CPU
	EndGlobalSection
	GlobalSection(SolutionProperties) = preSolution
		HideSolutionNode = FALSE
	EndGlobalSection
	GlobalSection(ExtensibilityGlobals) = postSolution
		SolutionGuid = {726E29E0-B347-4E55-8B80-B77F57E34F0C}
	EndGlobalSection
EndGlobal
